// !$*UTF8*$!
{
	archiveVersion = 1;
	classes = {
	};
	objectVersion = 60;
	objects = {

/* Begin PBXBuildFile section */
		740D63A52C496F3500F5DB39 /* PomidoroAppApp.swift in Sources */ = {isa = PBXBuildFile; fileRef = 740D63A42C496F3500F5DB39 /* PomidoroAppApp.swift */; };
		740D63A92C496F3700F5DB39 /* Assets.xcassets in Resources */ = {isa = PBXBuildFile; fileRef = 740D63A82C496F3700F5DB39 /* Assets.xcassets */; };
		740D63AC2C496F3700F5DB39 /* Preview Assets.xcassets in Resources */ = {isa = PBXBuildFile; fileRef = 740D63AB2C496F3700F5DB39 /* Preview Assets.xcassets */; };
		74DF2AFB2C4AB85E00D48210 /* ContentView.swift in Sources */ = {isa = PBXBuildFile; fileRef = 74DF2AF82C4AB85D00D48210 /* ContentView.swift */; };
		74DF2AFC2C4AB85E00D48210 /* TimerView.swift in Sources */ = {isa = PBXBuildFile; fileRef = 74DF2AF92C4AB85D00D48210 /* TimerView.swift */; };
		74DF2B012C4AB8D400D48210 /* ActualMode.swift in Sources */ = {isa = PBXBuildFile; fileRef = 74DF2B002C4AB8D400D48210 /* ActualMode.swift */; };
		74DF2B032C4AB91100D48210 /* TimerMode.swift in Sources */ = {isa = PBXBuildFile; fileRef = 74DF2B022C4AB91100D48210 /* TimerMode.swift */; };
		74DF2B052C4ABD5600D48210 /* TimerViewModel.swift in Sources */ = {isa = PBXBuildFile; fileRef = 74DF2B042C4ABD5600D48210 /* TimerViewModel.swift */; };
		74DF2B082C4AC29700D48210 /* Keys.swift in Sources */ = {isa = PBXBuildFile; fileRef = 74DF2B072C4AC29700D48210 /* Keys.swift */; };
		74DF2B0A2C4AD2D600D48210 /* UserDefaultsManager.swift in Sources */ = {isa = PBXBuildFile; fileRef = 74DF2B092C4AD2D600D48210 /* UserDefaultsManager.swift */; };
		74DF2B0F2C4ADC1200D48210 /* Notifications.swift in Sources */ = {isa = PBXBuildFile; fileRef = 74DF2B0E2C4ADC1200D48210 /* Notifications.swift */; };
		74DF2B252C4AF1DF00D48210 /* Localizable.strings in Resources */ = {isa = PBXBuildFile; fileRef = 74DF2B232C4AF1DF00D48210 /* Localizable.strings */; };
/* End PBXBuildFile section */

/* Begin PBXFileReference section */
		740D63A12C496F3500F5DB39 /* PomidoroApp.app */ = {isa = PBXFileReference; explicitFileType = wrapper.application; includeInIndex = 0; path = PomidoroApp.app; sourceTree = BUILT_PRODUCTS_DIR; };
		740D63A42C496F3500F5DB39 /* PomidoroAppApp.swift */ = {isa = PBXFileReference; lastKnownFileType = sourcecode.swift; path = PomidoroAppApp.swift; sourceTree = "<group>"; };
		740D63A82C496F3700F5DB39 /* Assets.xcassets */ = {isa = PBXFileReference; lastKnownFileType = folder.assetcatalog; path = Assets.xcassets; sourceTree = "<group>"; };
		740D63AB2C496F3700F5DB39 /* Preview Assets.xcassets */ = {isa = PBXFileReference; lastKnownFileType = folder.assetcatalog; path = "Preview Assets.xcassets"; sourceTree = "<group>"; };
		74DF2AF82C4AB85D00D48210 /* ContentView.swift */ = {isa = PBXFileReference; lastKnownFileType = sourcecode.swift; path = ContentView.swift; sourceTree = "<group>"; };
		74DF2AF92C4AB85D00D48210 /* TimerView.swift */ = {isa = PBXFileReference; lastKnownFileType = sourcecode.swift; path = TimerView.swift; sourceTree = "<group>"; };
		74DF2B002C4AB8D400D48210 /* ActualMode.swift */ = {isa = PBXFileReference; lastKnownFileType = sourcecode.swift; path = ActualMode.swift; sourceTree = "<group>"; };
		74DF2B022C4AB91100D48210 /* TimerMode.swift */ = {isa = PBXFileReference; lastKnownFileType = sourcecode.swift; path = TimerMode.swift; sourceTree = "<group>"; };
		74DF2B042C4ABD5600D48210 /* TimerViewModel.swift */ = {isa = PBXFileReference; lastKnownFileType = sourcecode.swift; path = TimerViewModel.swift; sourceTree = "<group>"; };
		74DF2B072C4AC29700D48210 /* Keys.swift */ = {isa = PBXFileReference; lastKnownFileType = sourcecode.swift; path = Keys.swift; sourceTree = "<group>"; };
		74DF2B092C4AD2D600D48210 /* UserDefaultsManager.swift */ = {isa = PBXFileReference; lastKnownFileType = sourcecode.swift; path = UserDefaultsManager.swift; sourceTree = "<group>"; };
		74DF2B0E2C4ADC1200D48210 /* Notifications.swift */ = {isa = PBXFileReference; lastKnownFileType = sourcecode.swift; path = Notifications.swift; sourceTree = "<group>"; };
		74DF2B242C4AF1DF00D48210 /* en */ = {isa = PBXFileReference; lastKnownFileType = text.plist.strings; name = en; path = en.lproj/Localizable.strings; sourceTree = "<group>"; };
		74DF2B262C4AF1EF00D48210 /* pl */ = {isa = PBXFileReference; lastKnownFileType = text.plist.strings; name = pl; path = pl.lproj/Localizable.strings; sourceTree = "<group>"; };
/* End PBXFileReference section */

/* Begin PBXFrameworksBuildPhase section */
		740D639E2C496F3500F5DB39 /* Frameworks */ = {
			isa = PBXFrameworksBuildPhase;
			buildActionMask = 2147483647;
			files = (
			);
			runOnlyForDeploymentPostprocessing = 0;
		};
/* End PBXFrameworksBuildPhase section */

/* Begin PBXGroup section */
		740D63982C496F3500F5DB39 = {
			isa = PBXGroup;
			children = (
				740D63A32C496F3500F5DB39 /* PomidoroApp */,
				740D63A22C496F3500F5DB39 /* Products */,
			);
			sourceTree = "<group>";
		};
		740D63A22C496F3500F5DB39 /* Products */ = {
			isa = PBXGroup;
			children = (
				740D63A12C496F3500F5DB39 /* PomidoroApp.app */,
			);
			name = Products;
			sourceTree = "<group>";
		};
		740D63A32C496F3500F5DB39 /* PomidoroApp */ = {
			isa = PBXGroup;
			children = (
				74DF2B0D2C4ADBAB00D48210 /* Notifications */,
				74DF2B062C4AC28C00D48210 /* Utils */,
				74DF2AF52C4AB82200D48210 /* ViewModel */,
				74DF2AFF2C4AB86000D48210 /* Model */,
				74DF2AFA2C4AB85D00D48210 /* View */,
				740D63A42C496F3500F5DB39 /* PomidoroAppApp.swift */,
				740D63A82C496F3700F5DB39 /* Assets.xcassets */,
				740D63AA2C496F3700F5DB39 /* Preview Content */,
				74DF2B232C4AF1DF00D48210 /* Localizable.strings */,
			);
			path = PomidoroApp;
			sourceTree = "<group>";
		};
		740D63AA2C496F3700F5DB39 /* Preview Content */ = {
			isa = PBXGroup;
			children = (
				740D63AB2C496F3700F5DB39 /* Preview Assets.xcassets */,
			);
			path = "Preview Content";
			sourceTree = "<group>";
		};
		74DF2AF52C4AB82200D48210 /* ViewModel */ = {
			isa = PBXGroup;
			children = (
				74DF2B042C4ABD5600D48210 /* TimerViewModel.swift */,
			);
			path = ViewModel;
			sourceTree = "<group>";
		};
		74DF2AFA2C4AB85D00D48210 /* View */ = {
			isa = PBXGroup;
			children = (
				74DF2AF82C4AB85D00D48210 /* ContentView.swift */,
				74DF2AF92C4AB85D00D48210 /* TimerView.swift */,
			);
			path = View;
			sourceTree = "<group>";
		};
		74DF2AFF2C4AB86000D48210 /* Model */ = {
			isa = PBXGroup;
			children = (
				74DF2B002C4AB8D400D48210 /* ActualMode.swift */,
				74DF2B022C4AB91100D48210 /* TimerMode.swift */,
			);
			path = Model;
			sourceTree = "<group>";
		};
		74DF2B062C4AC28C00D48210 /* Utils */ = {
			isa = PBXGroup;
			children = (
				74DF2B072C4AC29700D48210 /* Keys.swift */,
				74DF2B092C4AD2D600D48210 /* UserDefaultsManager.swift */,
			);
			path = Utils;
			sourceTree = "<group>";
		};
		74DF2B0D2C4ADBAB00D48210 /* Notifications */ = {
			isa = PBXGroup;
			children = (
				74DF2B0E2C4ADC1200D48210 /* Notifications.swift */,
			);
			path = Notifications;
			sourceTree = "<group>";
		};
/* End PBXGroup section */

/* Begin PBXNativeTarget section */
		740D63A02C496F3500F5DB39 /* PomidoroApp */ = {
			isa = PBXNativeTarget;
			buildConfigurationList = 740D63AF2C496F3700F5DB39 /* Build configuration list for PBXNativeTarget "PomidoroApp" */;
			buildPhases = (
				740D639D2C496F3500F5DB39 /* Sources */,
				740D639E2C496F3500F5DB39 /* Frameworks */,
				740D639F2C496F3500F5DB39 /* Resources */,
			);
			buildRules = (
			);
			dependencies = (
			);
			name = PomidoroApp;
			productName = PomidoroApp;
			productReference = 740D63A12C496F3500F5DB39 /* PomidoroApp.app */;
			productType = "com.apple.product-type.application";
		};
/* End PBXNativeTarget section */

/* Begin PBXProject section */
		740D63992C496F3500F5DB39 /* Project object */ = {
			isa = PBXProject;
			attributes = {
				BuildIndependentTargetsInParallel = 1;
				LastSwiftUpdateCheck = 1600;
				LastUpgradeCheck = 1600;
				TargetAttributes = {
					740D63A02C496F3500F5DB39 = {
						CreatedOnToolsVersion = 16.0;
					};
				};
			};
			buildConfigurationList = 740D639C2C496F3500F5DB39 /* Build configuration list for PBXProject "PomidoroApp" */;
			compatibilityVersion = "Xcode 15.0";
			developmentRegion = en;
			hasScannedForEncodings = 0;
			knownRegions = (
				en,
				Base,
				pl,
			);
			mainGroup = 740D63982C496F3500F5DB39;
			productRefGroup = 740D63A22C496F3500F5DB39 /* Products */;
			projectDirPath = "";
			projectRoot = "";
			targets = (
				740D63A02C496F3500F5DB39 /* PomidoroApp */,
			);
		};
/* End PBXProject section */

/* Begin PBXResourcesBuildPhase section */
		740D639F2C496F3500F5DB39 /* Resources */ = {
			isa = PBXResourcesBuildPhase;
			buildActionMask = 2147483647;
			files = (
				740D63AC2C496F3700F5DB39 /* Preview Assets.xcassets in Resources */,
				74DF2B252C4AF1DF00D48210 /* Localizable.strings in Resources */,
				740D63A92C496F3700F5DB39 /* Assets.xcassets in Resources */,
			);
			runOnlyForDeploymentPostprocessing = 0;
		};
/* End PBXResourcesBuildPhase section */

/* Begin PBXSourcesBuildPhase section */
		740D639D2C496F3500F5DB39 /* Sources */ = {
			isa = PBXSourcesBuildPhase;
			buildActionMask = 2147483647;
			files = (
				740D63A52C496F3500F5DB39 /* PomidoroAppApp.swift in Sources */,
				74DF2AFB2C4AB85E00D48210 /* ContentView.swift in Sources */,
				74DF2B032C4AB91100D48210 /* TimerMode.swift in Sources */,
				74DF2B0F2C4ADC1200D48210 /* Notifications.swift in Sources */,
				74DF2B012C4AB8D400D48210 /* ActualMode.swift in Sources */,
				74DF2B082C4AC29700D48210 /* Keys.swift in Sources */,
				74DF2B052C4ABD5600D48210 /* TimerViewModel.swift in Sources */,
				74DF2B0A2C4AD2D600D48210 /* UserDefaultsManager.swift in Sources */,
				74DF2AFC2C4AB85E00D48210 /* TimerView.swift in Sources */,
			);
			runOnlyForDeploymentPostprocessing = 0;
		};
/* End PBXSourcesBuildPhase section */

/* Begin PBXVariantGroup section */
		74DF2B232C4AF1DF00D48210 /* Localizable.strings */ = {
			isa = PBXVariantGroup;
			children = (
				74DF2B242C4AF1DF00D48210 /* en */,
				74DF2B262C4AF1EF00D48210 /* pl */,
			);
			name = Localizable.strings;
			sourceTree = "<group>";
		};
/* End PBXVariantGroup section */

/* Begin XCBuildConfiguration section */
		740D63AD2C496F3700F5DB39 /* Debug */ = {
			isa = XCBuildConfiguration;
			buildSettings = {
				ALWAYS_SEARCH_USER_PATHS = NO;
				ASSETCATALOG_COMPILER_GENERATE_SWIFT_ASSET_SYMBOL_EXTENSIONS = YES;
				CLANG_ANALYZER_LOCALIZABILITY_NONLOCALIZED = YES;
				CLANG_ANALYZER_NONNULL = YES;
				CLANG_ANALYZER_NUMBER_OBJECT_CONVERSION = YES_AGGRESSIVE;
				CLANG_CXX_LANGUAGE_STANDARD = "gnu++20";
				CLANG_ENABLE_MODULES = YES;
				CLANG_ENABLE_OBJC_ARC = YES;
				CLANG_ENABLE_OBJC_WEAK = YES;
				CLANG_WARN_BLOCK_CAPTURE_AUTORELEASING = YES;
				CLANG_WARN_BOOL_CONVERSION = YES;
				CLANG_WARN_COMMA = YES;
				CLANG_WARN_CONSTANT_CONVERSION = YES;
				CLANG_WARN_DEPRECATED_OBJC_IMPLEMENTATIONS = YES;
				CLANG_WARN_DIRECT_OBJC_ISA_USAGE = YES_ERROR;
				CLANG_WARN_DOCUMENTATION_COMMENTS = YES;
				CLANG_WARN_EMPTY_BODY = YES;
				CLANG_WARN_ENUM_CONVERSION = YES;
				CLANG_WARN_INFINITE_RECURSION = YES;
				CLANG_WARN_INT_CONVERSION = YES;
				CLANG_WARN_NON_LITERAL_NULL_CONVERSION = YES;
				CLANG_WARN_OBJC_IMPLICIT_RETAIN_SELF = YES;
				CLANG_WARN_OBJC_LITERAL_CONVERSION = YES;
				CLANG_WARN_OBJC_ROOT_CLASS = YES_ERROR;
				CLANG_WARN_QUOTED_INCLUDE_IN_FRAMEWORK_HEADER = YES;
				CLANG_WARN_RANGE_LOOP_ANALYSIS = YES;
				CLANG_WARN_STRICT_PROTOTYPES = YES;
				CLANG_WARN_SUSPICIOUS_MOVE = YES;
				CLANG_WARN_UNGUARDED_AVAILABILITY = YES_AGGRESSIVE;
				CLANG_WARN_UNREACHABLE_CODE = YES;
				CLANG_WARN__DUPLICATE_METHOD_MATCH = YES;
				COPY_PHASE_STRIP = NO;
				DEBUG_INFORMATION_FORMAT = dwarf;
				ENABLE_STRICT_OBJC_MSGSEND = YES;
				ENABLE_TESTABILITY = YES;
				ENABLE_USER_SCRIPT_SANDBOXING = YES;
				GCC_C_LANGUAGE_STANDARD = gnu17;
				GCC_DYNAMIC_NO_PIC = NO;
				GCC_NO_COMMON_BLOCKS = YES;
				GCC_OPTIMIZATION_LEVEL = 0;
				GCC_PREPROCESSOR_DEFINITIONS = (
					"DEBUG=1",
					"$(inherited)",
				);
				GCC_WARN_64_TO_32_BIT_CONVERSION = YES;
				GCC_WARN_ABOUT_RETURN_TYPE = YES_ERROR;
				GCC_WARN_UNDECLARED_SELECTOR = YES;
				GCC_WARN_UNINITIALIZED_AUTOS = YES_AGGRESSIVE;
				GCC_WARN_UNUSED_FUNCTION = YES;
				GCC_WARN_UNUSED_VARIABLE = YES;
				IPHONEOS_DEPLOYMENT_TARGET = 18.0;
				LOCALIZATION_PREFERS_STRING_CATALOGS = YES;
				MTL_ENABLE_DEBUG_INFO = INCLUDE_SOURCE;
				MTL_FAST_MATH = YES;
				ONLY_ACTIVE_ARCH = YES;
				SDKROOT = iphoneos;
				SWIFT_ACTIVE_COMPILATION_CONDITIONS = "DEBUG $(inherited)";
				SWIFT_OPTIMIZATION_LEVEL = "-Onone";
			};
			name = Debug;
		};
		740D63AE2C496F3700F5DB39 /* Release */ = {
			isa = XCBuildConfiguration;
			buildSettings = {
				ALWAYS_SEARCH_USER_PATHS = NO;
				ASSETCATALOG_COMPILER_GENERATE_SWIFT_ASSET_SYMBOL_EXTENSIONS = YES;
				CLANG_ANALYZER_LOCALIZABILITY_NONLOCALIZED = YES;
				CLANG_ANALYZER_NONNULL = YES;
				CLANG_ANALYZER_NUMBER_OBJECT_CONVERSION = YES_AGGRESSIVE;
				CLANG_CXX_LANGUAGE_STANDARD = "gnu++20";
				CLANG_ENABLE_MODULES = YES;
				CLANG_ENABLE_OBJC_ARC = YES;
				CLANG_ENABLE_OBJC_WEAK = YES;
				CLANG_WARN_BLOCK_CAPTURE_AUTORELEASING = YES;
				CLANG_WARN_BOOL_CONVERSION = YES;
				CLANG_WARN_COMMA = YES;
				CLANG_WARN_CONSTANT_CONVERSION = YES;
				CLANG_WARN_DEPRECATED_OBJC_IMPLEMENTATIONS = YES;
				CLANG_WARN_DIRECT_OBJC_ISA_USAGE = YES_ERROR;
				CLANG_WARN_DOCUMENTATION_COMMENTS = YES;
				CLANG_WARN_EMPTY_BODY = YES;
				CLANG_WARN_ENUM_CONVERSION = YES;
				CLANG_WARN_INFINITE_RECURSION = YES;
				CLANG_WARN_INT_CONVERSION = YES;
				CLANG_WARN_NON_LITERAL_NULL_CONVERSION = YES;
				CLANG_WARN_OBJC_IMPLICIT_RETAIN_SELF = YES;
				CLANG_WARN_OBJC_LITERAL_CONVERSION = YES;
				CLANG_WARN_OBJC_ROOT_CLASS = YES_ERROR;
				CLANG_WARN_QUOTED_INCLUDE_IN_FRAMEWORK_HEADER = YES;
				CLANG_WARN_RANGE_LOOP_ANALYSIS = YES;
				CLANG_WARN_STRICT_PROTOTYPES = YES;
				CLANG_WARN_SUSPICIOUS_MOVE = YES;
				CLANG_WARN_UNGUARDED_AVAILABILITY = YES_AGGRESSIVE;
				CLANG_WARN_UNREACHABLE_CODE = YES;
				CLANG_WARN__DUPLICATE_METHOD_MATCH = YES;
				COPY_PHASE_STRIP = NO;
				DEBUG_INFORMATION_FORMAT = "dwarf-with-dsym";
				ENABLE_NS_ASSERTIONS = NO;
				ENABLE_STRICT_OBJC_MSGSEND = YES;
				ENABLE_USER_SCRIPT_SANDBOXING = YES;
				GCC_C_LANGUAGE_STANDARD = gnu17;
				GCC_NO_COMMON_BLOCKS = YES;
				GCC_WARN_64_TO_32_BIT_CONVERSION = YES;
				GCC_WARN_ABOUT_RETURN_TYPE = YES_ERROR;
				GCC_WARN_UNDECLARED_SELECTOR = YES;
				GCC_WARN_UNINITIALIZED_AUTOS = YES_AGGRESSIVE;
				GCC_WARN_UNUSED_FUNCTION = YES;
				GCC_WARN_UNUSED_VARIABLE = YES;
				IPHONEOS_DEPLOYMENT_TARGET = 18.0;
				LOCALIZATION_PREFERS_STRING_CATALOGS = YES;
				MTL_ENABLE_DEBUG_INFO = NO;
				MTL_FAST_MATH = YES;
				SDKROOT = iphoneos;
				SWIFT_COMPILATION_MODE = wholemodule;
				VALIDATE_PRODUCT = YES;
			};
			name = Release;
		};
		740D63B02C496F3700F5DB39 /* Debug */ = {
			isa = XCBuildConfiguration;
			buildSettings = {
				ASSETCATALOG_COMPILER_APPICON_NAME = AppIcon;
				ASSETCATALOG_COMPILER_GLOBAL_ACCENT_COLOR_NAME = AccentColor;
				CODE_SIGN_STYLE = Automatic;
				CURRENT_PROJECT_VERSION = 1;
				DEVELOPMENT_ASSET_PATHS = "\"PomidoroApp/Preview Content\"";
				DEVELOPMENT_TEAM = 3T4T56NWV6;
				ENABLE_PREVIEWS = YES;
				GENERATE_INFOPLIST_FILE = YES;
				INFOPLIST_KEY_UIApplicationSceneManifest_Generation = YES;
				INFOPLIST_KEY_UIApplicationSupportsIndirectInputEvents = YES;
				INFOPLIST_KEY_UILaunchScreen_Generation = YES;
				INFOPLIST_KEY_UISupportedInterfaceOrientations_iPad = "UIInterfaceOrientationPortrait UIInterfaceOrientationPortraitUpsideDown UIInterfaceOrientationLandscapeLeft UIInterfaceOrientationLandscapeRight";
				INFOPLIST_KEY_UISupportedInterfaceOrientations_iPhone = "UIInterfaceOrientationPortrait UIInterfaceOrientationLandscapeLeft UIInterfaceOrientationLandscapeRight";
				LD_RUNPATH_SEARCH_PATHS = (
					"$(inherited)",
					"@executable_path/Frameworks",
				);
				MARKETING_VERSION = 1.0;
				PRODUCT_BUNDLE_IDENTIFIER = com.jkazubski.PomidoroApp;
				PRODUCT_NAME = "$(TARGET_NAME)";
				SWIFT_EMIT_LOC_STRINGS = YES;
				SWIFT_VERSION = 5.0;
				TARGETED_DEVICE_FAMILY = "1,2";
			};
			name = Debug;
		};
		740D63B12C496F3700F5DB39 /* Release */ = {
			isa = XCBuildConfiguration;
			buildSettings = {
				ASSETCATALOG_COMPILER_APPICON_NAME = AppIcon;
				ASSETCATALOG_COMPILER_GLOBAL_ACCENT_COLOR_NAME = AccentColor;
				CODE_SIGN_STYLE = Automatic;
				CURRENT_PROJECT_VERSION = 1;
				DEVELOPMENT_ASSET_PATHS = "\"PomidoroApp/Preview Content\"";
				DEVELOPMENT_TEAM = 3T4T56NWV6;
				ENABLE_PREVIEWS = YES;
				GENERATE_INFOPLIST_FILE = YES;
				INFOPLIST_KEY_UIApplicationSceneManifest_Generation = YES;
				INFOPLIST_KEY_UIApplicationSupportsIndirectInputEvents = YES;
				INFOPLIST_KEY_UILaunchScreen_Generation = YES;
				INFOPLIST_KEY_UISupportedInterfaceOrientations_iPad = "UIInterfaceOrientationPortrait UIInterfaceOrientationPortraitUpsideDown UIInterfaceOrientationLandscapeLeft UIInterfaceOrientationLandscapeRight";
				INFOPLIST_KEY_UISupportedInterfaceOrientations_iPhone = "UIInterfaceOrientationPortrait UIInterfaceOrientationLandscapeLeft UIInterfaceOrientationLandscapeRight";
				LD_RUNPATH_SEARCH_PATHS = (
					"$(inherited)",
					"@executable_path/Frameworks",
				);
				MARKETING_VERSION = 1.0;
				PRODUCT_BUNDLE_IDENTIFIER = com.jkazubski.PomidoroApp;
				PRODUCT_NAME = "$(TARGET_NAME)";
				SWIFT_EMIT_LOC_STRINGS = YES;
				SWIFT_VERSION = 5.0;
				TARGETED_DEVICE_FAMILY = "1,2";
			};
			name = Release;
		};
/* End XCBuildConfiguration section */

/* Begin XCConfigurationList section */
		740D639C2C496F3500F5DB39 /* Build configuration list for PBXProject "PomidoroApp" */ = {
			isa = XCConfigurationList;
			buildConfigurations = (
				740D63AD2C496F3700F5DB39 /* Debug */,
				740D63AE2C496F3700F5DB39 /* Release */,
			);
			defaultConfigurationIsVisible = 0;
			defaultConfigurationName = Release;
		};
		740D63AF2C496F3700F5DB39 /* Build configuration list for PBXNativeTarget "PomidoroApp" */ = {
			isa = XCConfigurationList;
			buildConfigurations = (
				740D63B02C496F3700F5DB39 /* Debug */,
				740D63B12C496F3700F5DB39 /* Release */,
			);
			defaultConfigurationIsVisible = 0;
			defaultConfigurationName = Release;
		};
/* End XCConfigurationList section */
	};
	rootObject = 740D63992C496F3500F5DB39 /* Project object */;
}
